
Microsoft Visual Studio Solution File, Format Version 12.00
# Visual Studio Version 16
VisualStudioVersion = 16.0.30711.63
MinimumVisualStudioVersion = 10.0.40219.1
Project("{FAE04EC0-301F-11D3-BF4B-00C04F79EFBC}") = "SampleRSAzureProject", "SampleRSAzureProject\SampleRSAzureProject.csproj", "{6BA87E17-B540-416C-BA8F-5A9B4347FCD8}"
EndProject
Global
	GlobalSection(SolutionConfigurationPlatforms) = preSolution
		Debug|Any CPU = Debug|Any CPU
		Release|Any CPU = Release|Any CPU
	EndGlobalSection
	GlobalSection(ProjectConfigurationPlatforms) = postSolution
		{6BA87E17-B540-416C-BA8F-5A9B4347FCD8}.Debug|Any CPU.ActiveCfg = Debug|Any CPU
		{6BA87E17-B540-416C-BA8F-5A9B4347FCD8}.Debug|Any CPU.Build.0 = Debug|Any CPU
		{6BA87E17-B540-416C-BA8F-5A9B4347FCD8}.Release|Any CPU.ActiveCfg = Release|Any CPU
		{6BA87E17-B540-416C-BA8F-5A9B4347FCD8}.Release|Any CPU.Build.0 = Release|Any CPU
	EndGlobalSection
	GlobalSection(SolutionProperties) = preSolution
		HideSolutionNode = FALSE
	EndGlobalSection
	GlobalSection(ExtensibilityGlobals) = postSolution
		SolutionGuid = {59650382-9D16-4B91-8D46-EDF45891E685}
	EndGlobalSection
EndGlobal
